
Microsoft Visual Studio Solution File, Format Version 12.00
# Visual Studio Version 17
VisualStudioVersion = 17.14.36414.22
MinimumVisualStudioVersion = 10.0.40219.1
Project("{2150E333-8FDC-42A3-9474-1A3956D46DE8}") = "Tyuiu.KosyakovDS.Sprint4.Task0.V29", "Tyuiu.KosyakovDS.Sprint4.Task0.V29", "{02EA681E-C7D8-13C7-8484-4AC65E1B71E8}"
EndProject
Project("{2150E333-8FDC-42A3-9474-1A3956D46DE8}") = "Tyuiu.KosyakovDS.Sprint4.Task1.V2", "Tyuiu.KosyakovDS.Sprint4.Task1.V2", "{9A208E4B-B298-4EF2-9ACA-69B70B4D4C84}"
EndProject
Project("{2150E333-8FDC-42A3-9474-1A3956D46DE8}") = "Tyuiu.KosyakovDS.Sprint4.Task2.V23", "Tyuiu.KosyakovDS.Sprint4.Task2.V23", "{6CE24F79-F68B-4336-8F7D-D440972C71B4}"
EndProject
Project("{2150E333-8FDC-42A3-9474-1A3956D46DE8}") = "Tyuiu.KosyakovDS.Sprint4.Task3.V17", "Tyuiu.KosyakovDS.Sprint4.Task3.V17", "{CDE3C707-8257-4CD1-AD7D-3D738F88B504}"
EndProject
Project("{2150E333-8FDC-42A3-9474-1A3956D46DE8}") = "Tyuiu.KosyakovDS.Sprint4.Task4.V8", "Tyuiu.KosyakovDS.Sprint4.Task4.V8", "{C7911DF3-9A9D-4682-8FD4-69253E9316FC}"
EndProject
Project("{2150E333-8FDC-42A3-9474-1A3956D46DE8}") = "Tyuiu.KosyakovDS.Sprint4.Task5.V21", "Tyuiu.KosyakovDS.Sprint4.Task5.V21", "{B2FC9535-F6F3-4215-A2CC-8067D3A3F70E}"
EndProject
Project("{2150E333-8FDC-42A3-9474-1A3956D46DE8}") = "Tyuiu.KosyakovDS.Sprint4.Task6.V14", "Tyuiu.KosyakovDS.Sprint4.Task6.V14", "{7AB44FBD-BF68-40F2-9EAF-C5F35E4CF913}"
EndProject
Project("{2150E333-8FDC-42A3-9474-1A3956D46DE8}") = "Tyuiu.KosyakovDS.Sprint4.Task7.V16", "Tyuiu.KosyakovDS.Sprint4.Task7.V16", "{AC5368DB-C8EA-4FBB-AD3F-8FCBE9589F7F}"
EndProject
Project("{FAE04EC0-301F-11D3-BF4B-00C04F79EFBC}") = "Tyuiu.KosyakovDS.Sprint4.Task0.V29", "Tyuiu.KosyakovDS.Sprint4.Task0.V29\Tyuiu.KosyakovDS.Sprint4.Task0.V29.csproj", "{773E6E76-E050-44B3-8DDA-B45881858617}"
EndProject
Project("{FAE04EC0-301F-11D3-BF4B-00C04F79EFBC}") = "Tyuiu.KosyakovDS.Sprint4.Task0.V29.Lib", "Tyuiu.KosyakovDS.Sprint4.Task0.V29.Lib\Tyuiu.KosyakovDS.Sprint4.Task0.V29.Lib.csproj", "{C53A3B17-D059-4040-AC44-BA004A9AE3CE}"
EndProject
Project("{FAE04EC0-301F-11D3-BF4B-00C04F79EFBC}") = "Tyuiu.KosyakovDS.Sprint4.Task0.V29.Test", "Tyuiu.KosyakovDS.Sprint4.Task0.V29.Test\Tyuiu.KosyakovDS.Sprint4.Task0.V29.Test.csproj", "{0151BB2E-0222-41B5-A02B-9AFA684EDDB0}"
EndProject
Project("{FAE04EC0-301F-11D3-BF4B-00C04F79EFBC}") = "Tyuiu.KosyakovDS.Sprint4.Task1.V2", "Tyuiu.KosyakovDS.Sprint4.Task1.V2\Tyuiu.KosyakovDS.Sprint4.Task1.V2.csproj", "{EE67ADE1-933A-49E0-B830-491DD54EF356}"
EndProject
Project("{FAE04EC0-301F-11D3-BF4B-00C04F79EFBC}") = "Tyuiu.KosyakovDS.Sprint4.Task1.V2.Lib", "Tyuiu.KosyakovDS.Sprint4.Task1.V2.Lib\Tyuiu.KosyakovDS.Sprint4.Task1.V2.Lib.csproj", "{4B6362E8-BE0E-408B-94CE-F9696A9D2B66}"
EndProject
Project("{FAE04EC0-301F-11D3-BF4B-00C04F79EFBC}") = "Tyuiu.KosyakovDS.Sprint4.Task1.V2.Test", "Tyuiu.KosyakovDS.Sprint4.Task1.V2.Test\Tyuiu.KosyakovDS.Sprint4.Task1.V2.Test.csproj", "{59620714-947B-456C-B449-4D40080B593C}"
EndProject
Project("{FAE04EC0-301F-11D3-BF4B-00C04F79EFBC}") = "Tyuiu.KosyakovDS.Sprint4.Task2.V23", "Tyuiu.KosyakovDS.Sprint4.Task2.V23\Tyuiu.KosyakovDS.Sprint4.Task2.V23.csproj", "{F9F4441E-2563-4575-8179-AB17C5B07F03}"
EndProject
Project("{FAE04EC0-301F-11D3-BF4B-00C04F79EFBC}") = "Tyuiu.KosyakovDS.Sprint4.Task2.V23.Lib", "Tyuiu.KosyakovDS.Sprint4.Task2.V23.Lib\Tyuiu.KosyakovDS.Sprint4.Task2.V23.Lib.csproj", "{1F25B49F-E4A9-485A-9DE9-E31CF4F62E63}"
EndProject
Project("{FAE04EC0-301F-11D3-BF4B-00C04F79EFBC}") = "Tyuiu.KosyakovDS.Sprint4.Task2.V23.Test", "Tyuiu.KosyakovDS.Sprint4.Task2.V23.Test\Tyuiu.KosyakovDS.Sprint4.Task2.V23.Test.csproj", "{E3485A3E-EDA8-4190-9D46-F1007D68AC39}"
EndProject
Project("{FAE04EC0-301F-11D3-BF4B-00C04F79EFBC}") = "Tyuiu.KosyakovDS.Sprint4.Task3.V17", "Tyuiu.KosyakovDS.Sprint4.Task3.V17\Tyuiu.KosyakovDS.Sprint4.Task3.V17.csproj", "{473E78CA-2401-4084-B778-EECF2C9FF215}"
EndProject
Project("{FAE04EC0-301F-11D3-BF4B-00C04F79EFBC}") = "Tyuiu.KosyakovDS.Sprint4.Task3.V17.Lib", "Tyuiu.KosyakovDS.Sprint4.Task3.V17.Lib\Tyuiu.KosyakovDS.Sprint4.Task3.V17.Lib.csproj", "{011497A6-4F28-4FF8-8386-FE34EA957133}"
EndProject
Project("{FAE04EC0-301F-11D3-BF4B-00C04F79EFBC}") = "Tyuiu.KosyakovDS.Sprint4.Task3.V17.Test", "Tyuiu.KosyakovDS.Sprint4.Task3.V17.Test\Tyuiu.KosyakovDS.Sprint4.Task3.V17.Test.csproj", "{B68B0D7B-BE82-4086-BC10-306275DA8422}"
EndProject
Project("{FAE04EC0-301F-11D3-BF4B-00C04F79EFBC}") = "Tyuiu.KosyakovDS.Sprint4.Task4.V8", "Tyuiu.KosyakovDS.Sprint4.Task4.V8\Tyuiu.KosyakovDS.Sprint4.Task4.V8.csproj", "{24011706-7F8F-4821-9CA1-E466DEDB1056}"
EndProject
Project("{FAE04EC0-301F-11D3-BF4B-00C04F79EFBC}") = "Tyuiu.KosyakovDS.Sprint4.Task4.V8.Lib", "Tyuiu.KosyakovDS.Sprint4.Task4.V8.Lib\Tyuiu.KosyakovDS.Sprint4.Task4.V8.Lib.csproj", "{3DE8F84D-450D-48B1-BDAF-88E2ABFB9FAA}"
EndProject
Project("{FAE04EC0-301F-11D3-BF4B-00C04F79EFBC}") = "Tyuiu.KosyakovDS.Sprint4.Task4.V8.Test", "Tyuiu.KosyakovDS.Sprint4.Task4.V8.Test\Tyuiu.KosyakovDS.Sprint4.Task4.V8.Test.csproj", "{B2434A23-54C4-46FF-9ED3-677E7EEC94A8}"
EndProject
Project("{FAE04EC0-301F-11D3-BF4B-00C04F79EFBC}") = "Tyuiu.KosyakovDS.Sprint4.Task5.V21", "Tyuiu.KosyakovDS.Sprint4.Task5.V21\Tyuiu.KosyakovDS.Sprint4.Task5.V21.csproj", "{74872D59-0C76-4276-B9B0-10A6ABBE0599}"
EndProject
Project("{FAE04EC0-301F-11D3-BF4B-00C04F79EFBC}") = "Tyuiu.KosyakovDS.Sprint4.Task5.V21.Lib", "Tyuiu.KosyakovDS.Sprint4.Task5.V21.Lib\Tyuiu.KosyakovDS.Sprint4.Task5.V21.Lib.csproj", "{158BBAA7-8972-41C0-B70C-AED5A759F668}"
EndProject
Project("{FAE04EC0-301F-11D3-BF4B-00C04F79EFBC}") = "Tyuiu.KosyakovDS.Sprint4.Task5.V21.Test", "Tyuiu.KosyakovDS.Sprint4.Task5.V21.Test\Tyuiu.KosyakovDS.Sprint4.Task5.V21.Test.csproj", "{1D6352D2-C5F1-49EB-A992-BF45D4122A61}"
EndProject
Project("{FAE04EC0-301F-11D3-BF4B-00C04F79EFBC}") = "Tyuiu.KosyakovDS.Sprint4.Task6.V14", "Tyuiu.KosyakovDS.Sprint4.Task6.V14\Tyuiu.KosyakovDS.Sprint4.Task6.V14.csproj", "{993164D4-AAA4-4F53-A81C-EE5512C9C926}"
EndProject
Project("{FAE04EC0-301F-11D3-BF4B-00C04F79EFBC}") = "Tyuiu.KosyakovDS.Sprint4.Task6.V14.Lib", "Tyuiu.KosyakovDS.Sprint4.Task6.V14.Lib\Tyuiu.KosyakovDS.Sprint4.Task6.V14.Lib.csproj", "{CB089593-3FD5-4715-A5DB-F8EB4BB8EEF5}"
EndProject
Project("{FAE04EC0-301F-11D3-BF4B-00C04F79EFBC}") = "Tyuiu.KosyakovDS.Sprint4.Task6.V14.Test", "Tyuiu.KosyakovDS.Sprint4.Task6.V14.Test\Tyuiu.KosyakovDS.Sprint4.Task6.V14.Test.csproj", "{EAB19CD6-36E8-430C-9CCF-1434BC8DFF6B}"
EndProject
Project("{FAE04EC0-301F-11D3-BF4B-00C04F79EFBC}") = "Tyuiu.KosyakovDS.Sprint4.Task7.V16", "Tyuiu.KosyakovDS.Sprint4.Task7.V16\Tyuiu.KosyakovDS.Sprint4.Task7.V16.csproj", "{72641059-2169-4250-AFB4-F91895AE8CCF}"
EndProject
Project("{FAE04EC0-301F-11D3-BF4B-00C04F79EFBC}") = "Tyuiu.KosyakovDS.Sprint4.Task7.V16.Lib", "Tyuiu.KosyakovDS.Sprint4.Task7.V16.Lib\Tyuiu.KosyakovDS.Sprint4.Task7.V16.Lib.csproj", "{68408A66-3051-4081-85FC-ACB8B1C6E1C4}"
EndProject
Project("{FAE04EC0-301F-11D3-BF4B-00C04F79EFBC}") = "Tyuiu.KosyakovDS.Sprint4.Task7.V16.Test", "Tyuiu.KosyakovDS.Sprint4.Task7.V16.Test\Tyuiu.KosyakovDS.Sprint4.Task7.V16.Test.csproj", "{1F9EE727-E914-43F5-84C0-55036150304E}"
EndProject
Global
	GlobalSection(SolutionConfigurationPlatforms) = preSolution
		Debug|Any CPU = Debug|Any CPU
		Release|Any CPU = Release|Any CPU
	EndGlobalSection
	GlobalSection(ProjectConfigurationPlatforms) = postSolution
		{773E6E76-E050-44B3-8DDA-B45881858617}.Debug|Any CPU.ActiveCfg = Debug|Any CPU
		{773E6E76-E050-44B3-8DDA-B45881858617}.Debug|Any CPU.Build.0 = Debug|Any CPU
		{773E6E76-E050-44B3-8DDA-B45881858617}.Release|Any CPU.ActiveCfg = Release|Any CPU
		{773E6E76-E050-44B3-8DDA-B45881858617}.Release|Any CPU.Build.0 = Release|Any CPU
		{C53A3B17-D059-4040-AC44-BA004A9AE3CE}.Debug|Any CPU.ActiveCfg = Debug|Any CPU
		{C53A3B17-D059-4040-AC44-BA004A9AE3CE}.Debug|Any CPU.Build.0 = Debug|Any CPU
		{C53A3B17-D059-4040-AC44-BA004A9AE3CE}.Release|Any CPU.ActiveCfg = Release|Any CPU
		{C53A3B17-D059-4040-AC44-BA004A9AE3CE}.Release|Any CPU.Build.0 = Release|Any CPU
		{0151BB2E-0222-41B5-A02B-9AFA684EDDB0}.Debug|Any CPU.ActiveCfg = Debug|Any CPU
		{0151BB2E-0222-41B5-A02B-9AFA684EDDB0}.Debug|Any CPU.Build.0 = Debug|Any CPU
		{0151BB2E-0222-41B5-A02B-9AFA684EDDB0}.Release|Any CPU.ActiveCfg = Release|Any CPU
		{0151BB2E-0222-41B5-A02B-9AFA684EDDB0}.Release|Any CPU.Build.0 = Release|Any CPU
		{EE67ADE1-933A-49E0-B830-491DD54EF356}.Debug|Any CPU.ActiveCfg = Debug|Any CPU
		{EE67ADE1-933A-49E0-B830-491DD54EF356}.Debug|Any CPU.Build.0 = Debug|Any CPU
		{EE67ADE1-933A-49E0-B830-491DD54EF356}.Release|Any CPU.ActiveCfg = Release|Any CPU
		{EE67ADE1-933A-49E0-B830-491DD54EF356}.Release|Any CPU.Build.0 = Release|Any CPU
		{4B6362E8-BE0E-408B-94CE-F9696A9D2B66}.Debug|Any CPU.ActiveCfg = Debug|Any CPU
		{4B6362E8-BE0E-408B-94CE-F9696A9D2B66}.Debug|Any CPU.Build.0 = Debug|Any CPU
		{4B6362E8-BE0E-408B-94CE-F9696A9D2B66}.Release|Any CPU.ActiveCfg = Release|Any CPU
		{4B6362E8-BE0E-408B-94CE-F9696A9D2B66}.Release|Any CPU.Build.0 = Release|Any CPU
		{59620714-947B-456C-B449-4D40080B593C}.Debug|Any CPU.ActiveCfg = Debug|Any CPU
		{59620714-947B-456C-B449-4D40080B593C}.Debug|Any CPU.Build.0 = Debug|Any CPU
		{59620714-947B-456C-B449-4D40080B593C}.Release|Any CPU.ActiveCfg = Release|Any CPU
		{59620714-947B-456C-B449-4D40080B593C}.Release|Any CPU.Build.0 = Release|Any CPU
		{F9F4441E-2563-4575-8179-AB17C5B07F03}.Debug|Any CPU.ActiveCfg = Debug|Any CPU
		{F9F4441E-2563-4575-8179-AB17C5B07F03}.Debug|Any CPU.Build.0 = Debug|Any CPU
		{F9F4441E-2563-4575-8179-AB17C5B07F03}.Release|Any CPU.ActiveCfg = Release|Any CPU
		{F9F4441E-2563-4575-8179-AB17C5B07F03}.Release|Any CPU.Build.0 = Release|Any CPU
		{1F25B49F-E4A9-485A-9DE9-E31CF4F62E63}.Debug|Any CPU.ActiveCfg = Debug|Any CPU
		{1F25B49F-E4A9-485A-9DE9-E31CF4F62E63}.Debug|Any CPU.Build.0 = Debug|Any CPU
		{1F25B49F-E4A9-485A-9DE9-E31CF4F62E63}.Release|Any CPU.ActiveCfg = Release|Any CPU
		{1F25B49F-E4A9-485A-9DE9-E31CF4F62E63}.Release|Any CPU.Build.0 = Release|Any CPU
		{E3485A3E-EDA8-4190-9D46-F1007D68AC39}.Debug|Any CPU.ActiveCfg = Debug|Any CPU
		{E3485A3E-EDA8-4190-9D46-F1007D68AC39}.Debug|Any CPU.Build.0 = Debug|Any CPU
		{E3485A3E-EDA8-4190-9D46-F1007D68AC39}.Release|Any CPU.ActiveCfg = Release|Any CPU
		{E3485A3E-EDA8-4190-9D46-F1007D68AC39}.Release|Any CPU.Build.0 = Release|Any CPU
		{473E78CA-2401-4084-B778-EECF2C9FF215}.Debug|Any CPU.ActiveCfg = Debug|Any CPU
		{473E78CA-2401-4084-B778-EECF2C9FF215}.Debug|Any CPU.Build.0 = Debug|Any CPU
		{473E78CA-2401-4084-B778-EECF2C9FF215}.Release|Any CPU.ActiveCfg = Release|Any CPU
		{473E78CA-2401-4084-B778-EECF2C9FF215}.Release|Any CPU.Build.0 = Release|Any CPU
		{011497A6-4F28-4FF8-8386-FE34EA957133}.Debug|Any CPU.ActiveCfg = Debug|Any CPU
		{011497A6-4F28-4FF8-8386-FE34EA957133}.Debug|Any CPU.Build.0 = Debug|Any CPU
		{011497A6-4F28-4FF8-8386-FE34EA957133}.Release|Any CPU.ActiveCfg = Release|Any CPU
		{011497A6-4F28-4FF8-8386-FE34EA957133}.Release|Any CPU.Build.0 = Release|Any CPU
		{B68B0D7B-BE82-4086-BC10-306275DA8422}.Debug|Any CPU.ActiveCfg = Debug|Any CPU
		{B68B0D7B-BE82-4086-BC10-306275DA8422}.Debug|Any CPU.Build.0 = Debug|Any CPU
		{B68B0D7B-BE82-4086-BC10-306275DA8422}.Release|Any CPU.ActiveCfg = Release|Any CPU
		{B68B0D7B-BE82-4086-BC10-306275DA8422}.Release|Any CPU.Build.0 = Release|Any CPU
		{24011706-7F8F-4821-9CA1-E466DEDB1056}.Debug|Any CPU.ActiveCfg = Debug|Any CPU
		{24011706-7F8F-4821-9CA1-E466DEDB1056}.Debug|Any CPU.Build.0 = Debug|Any CPU
		{24011706-7F8F-4821-9CA1-E466DEDB1056}.Release|Any CPU.ActiveCfg = Release|Any CPU
		{24011706-7F8F-4821-9CA1-E466DEDB1056}.Release|Any CPU.Build.0 = Release|Any CPU
		{3DE8F84D-450D-48B1-BDAF-88E2ABFB9FAA}.Debug|Any CPU.ActiveCfg = Debug|Any CPU
		{3DE8F84D-450D-48B1-BDAF-88E2ABFB9FAA}.Debug|Any CPU.Build.0 = Debug|Any CPU
		{3DE8F84D-450D-48B1-BDAF-88E2ABFB9FAA}.Release|Any CPU.ActiveCfg = Release|Any CPU
		{3DE8F84D-450D-48B1-BDAF-88E2ABFB9FAA}.Release|Any CPU.Build.0 = Release|Any CPU
		{B2434A23-54C4-46FF-9ED3-677E7EEC94A8}.Debug|Any CPU.ActiveCfg = Debug|Any CPU
		{B2434A23-54C4-46FF-9ED3-677E7EEC94A8}.Debug|Any CPU.Build.0 = Debug|Any CPU
		{B2434A23-54C4-46FF-9ED3-677E7EEC94A8}.Release|Any CPU.ActiveCfg = Release|Any CPU
		{B2434A23-54C4-46FF-9ED3-677E7EEC94A8}.Release|Any CPU.Build.0 = Release|Any CPU
		{74872D59-0C76-4276-B9B0-10A6ABBE0599}.Debug|Any CPU.ActiveCfg = Debug|Any CPU
		{74872D59-0C76-4276-B9B0-10A6ABBE0599}.Debug|Any CPU.Build.0 = Debug|Any CPU
		{74872D59-0C76-4276-B9B0-10A6ABBE0599}.Release|Any CPU.ActiveCfg = Release|Any CPU
		{74872D59-0C76-4276-B9B0-10A6ABBE0599}.Release|Any CPU.Build.0 = Release|Any CPU
		{158BBAA7-8972-41C0-B70C-AED5A759F668}.Debug|Any CPU.ActiveCfg = Debug|Any CPU
		{158BBAA7-8972-41C0-B70C-AED5A759F668}.Debug|Any CPU.Build.0 = Debug|Any CPU
		{158BBAA7-8972-41C0-B70C-AED5A759F668}.Release|Any CPU.ActiveCfg = Release|Any CPU
		{158BBAA7-8972-41C0-B70C-AED5A759F668}.Release|Any CPU.Build.0 = Release|Any CPU
		{1D6352D2-C5F1-49EB-A992-BF45D4122A61}.Debug|Any CPU.ActiveCfg = Debug|Any CPU
		{1D6352D2-C5F1-49EB-A992-BF45D4122A61}.Debug|Any CPU.Build.0 = Debug|Any CPU
		{1D6352D2-C5F1-49EB-A992-BF45D4122A61}.Release|Any CPU.ActiveCfg = Release|Any CPU
		{1D6352D2-C5F1-49EB-A992-BF45D4122A61}.Release|Any CPU.Build.0 = Release|Any CPU
		{993164D4-AAA4-4F53-A81C-EE5512C9C926}.Debug|Any CPU.ActiveCfg = Debug|Any CPU
		{993164D4-AAA4-4F53-A81C-EE5512C9C926}.Debug|Any CPU.Build.0 = Debug|Any CPU
		{993164D4-AAA4-4F53-A81C-EE5512C9C926}.Release|Any CPU.ActiveCfg = Release|Any CPU
		{993164D4-AAA4-4F53-A81C-EE5512C9C926}.Release|Any CPU.Build.0 = Release|Any CPU
		{CB089593-3FD5-4715-A5DB-F8EB4BB8EEF5}.Debug|Any CPU.ActiveCfg = Debug|Any CPU
		{CB089593-3FD5-4715-A5DB-F8EB4BB8EEF5}.Debug|Any CPU.Build.0 = Debug|Any CPU
		{CB089593-3FD5-4715-A5DB-F8EB4BB8EEF5}.Release|Any CPU.ActiveCfg = Release|Any CPU
		{CB089593-3FD5-4715-A5DB-F8EB4BB8EEF5}.Release|Any CPU.Build.0 = Release|Any CPU
		{EAB19CD6-36E8-430C-9CCF-1434BC8DFF6B}.Debug|Any CPU.ActiveCfg = Debug|Any CPU
		{EAB19CD6-36E8-430C-9CCF-1434BC8DFF6B}.Debug|Any CPU.Build.0 = Debug|Any CPU
		{EAB19CD6-36E8-430C-9CCF-1434BC8DFF6B}.Release|Any CPU.ActiveCfg = Release|Any CPU
		{EAB19CD6-36E8-430C-9CCF-1434BC8DFF6B}.Release|Any CPU.Build.0 = Release|Any CPU
		{72641059-2169-4250-AFB4-F91895AE8CCF}.Debug|Any CPU.ActiveCfg = Debug|Any CPU
		{72641059-2169-4250-AFB4-F91895AE8CCF}.Debug|Any CPU.Build.0 = Debug|Any CPU
		{72641059-2169-4250-AFB4-F91895AE8CCF}.Release|Any CPU.ActiveCfg = Release|Any CPU
		{72641059-2169-4250-AFB4-F91895AE8CCF}.Release|Any CPU.Build.0 = Release|Any CPU
		{68408A66-3051-4081-85FC-ACB8B1C6E1C4}.Debug|Any CPU.ActiveCfg = Debug|Any CPU
		{68408A66-3051-4081-85FC-ACB8B1C6E1C4}.Debug|Any CPU.Build.0 = Debug|Any CPU
		{68408A66-3051-4081-85FC-ACB8B1C6E1C4}.Release|Any CPU.ActiveCfg = Release|Any CPU
		{68408A66-3051-4081-85FC-ACB8B1C6E1C4}.Release|Any CPU.Build.0 = Release|Any CPU
		{1F9EE727-E914-43F5-84C0-55036150304E}.Debug|Any CPU.ActiveCfg = Debug|Any CPU
		{1F9EE727-E914-43F5-84C0-55036150304E}.Debug|Any CPU.Build.0 = Debug|Any CPU
		{1F9EE727-E914-43F5-84C0-55036150304E}.Release|Any CPU.ActiveCfg = Release|Any CPU
		{1F9EE727-E914-43F5-84C0-55036150304E}.Release|Any CPU.Build.0 = Release|Any CPU
	EndGlobalSection
	GlobalSection(SolutionProperties) = preSolution
		HideSolutionNode = FALSE
	EndGlobalSection
	GlobalSection(NestedProjects) = preSolution
		{773E6E76-E050-44B3-8DDA-B45881858617} = {02EA681E-C7D8-13C7-8484-4AC65E1B71E8}
		{C53A3B17-D059-4040-AC44-BA004A9AE3CE} = {02EA681E-C7D8-13C7-8484-4AC65E1B71E8}
		{0151BB2E-0222-41B5-A02B-9AFA684EDDB0} = {02EA681E-C7D8-13C7-8484-4AC65E1B71E8}
		{EE67ADE1-933A-49E0-B830-491DD54EF356} = {9A208E4B-B298-4EF2-9ACA-69B70B4D4C84}
		{4B6362E8-BE0E-408B-94CE-F9696A9D2B66} = {9A208E4B-B298-4EF2-9ACA-69B70B4D4C84}
		{59620714-947B-456C-B449-4D40080B593C} = {9A208E4B-B298-4EF2-9ACA-69B70B4D4C84}
		{F9F4441E-2563-4575-8179-AB17C5B07F03} = {6CE24F79-F68B-4336-8F7D-D440972C71B4}
		{1F25B49F-E4A9-485A-9DE9-E31CF4F62E63} = {6CE24F79-F68B-4336-8F7D-D440972C71B4}
		{E3485A3E-EDA8-4190-9D46-F1007D68AC39} = {6CE24F79-F68B-4336-8F7D-D440972C71B4}
		{473E78CA-2401-4084-B778-EECF2C9FF215} = {CDE3C707-8257-4CD1-AD7D-3D738F88B504}
		{011497A6-4F28-4FF8-8386-FE34EA957133} = {CDE3C707-8257-4CD1-AD7D-3D738F88B504}
		{B68B0D7B-BE82-4086-BC10-306275DA8422} = {CDE3C707-8257-4CD1-AD7D-3D738F88B504}
		{24011706-7F8F-4821-9CA1-E466DEDB1056} = {C7911DF3-9A9D-4682-8FD4-69253E9316FC}
		{3DE8F84D-450D-48B1-BDAF-88E2ABFB9FAA} = {C7911DF3-9A9D-4682-8FD4-69253E9316FC}
		{B2434A23-54C4-46FF-9ED3-677E7EEC94A8} = {C7911DF3-9A9D-4682-8FD4-69253E9316FC}
		{74872D59-0C76-4276-B9B0-10A6ABBE0599} = {B2FC9535-F6F3-4215-A2CC-8067D3A3F70E}
		{158BBAA7-8972-41C0-B70C-AED5A759F668} = {B2FC9535-F6F3-4215-A2CC-8067D3A3F70E}
		{1D6352D2-C5F1-49EB-A992-BF45D4122A61} = {B2FC9535-F6F3-4215-A2CC-8067D3A3F70E}
		{993164D4-AAA4-4F53-A81C-EE5512C9C926} = {7AB44FBD-BF68-40F2-9EAF-C5F35E4CF913}
		{CB089593-3FD5-4715-A5DB-F8EB4BB8EEF5} = {7AB44FBD-BF68-40F2-9EAF-C5F35E4CF913}
		{EAB19CD6-36E8-430C-9CCF-1434BC8DFF6B} = {7AB44FBD-BF68-40F2-9EAF-C5F35E4CF913}
		{72641059-2169-4250-AFB4-F91895AE8CCF} = {AC5368DB-C8EA-4FBB-AD3F-8FCBE9589F7F}
		{68408A66-3051-4081-85FC-ACB8B1C6E1C4} = {AC5368DB-C8EA-4FBB-AD3F-8FCBE9589F7F}
		{1F9EE727-E914-43F5-84C0-55036150304E} = {AC5368DB-C8EA-4FBB-AD3F-8FCBE9589F7F}
	EndGlobalSection
	GlobalSection(ExtensibilityGlobals) = postSolution
		SolutionGuid = {90719400-A516-41BD-B8B0-AA4F3D2DEF13}
	EndGlobalSection
EndGlobal
